
Microsoft Visual Studio Solution File, Format Version 12.00
# Visual Studio 2013
VisualStudioVersion = 12.0.40629.0
MinimumVisualStudioVersion = 10.0.40219.1
Project("{FAE04EC0-301F-11D3-BF4B-00C04F79EFBC}") = "NotifyService", "NotifyService\NotifyService.csproj", "{D970FC59-F153-45FB-971D-4314531BE4EC}"
EndProject
Project("{FAE04EC0-301F-11D3-BF4B-00C04F79EFBC}") = "NotifyServiceClient", "NotifyServiceClient\NotifyServiceClient.csproj", "{9E169216-38C7-4381-A715-2F5073A278E4}"
EndProject
Project("{FAE04EC0-301F-11D3-BF4B-00C04F79EFBC}") = "WebApplication", "WebApplication1\WebApplication.csproj", "{A4A62CA6-1226-43A9-8C69-C79473D1DBF2}"
EndProject
Global
	GlobalSection(SolutionConfigurationPlatforms) = preSolution
		Debug|Any CPU = Debug|Any CPU
		Release|Any CPU = Release|Any CPU
	EndGlobalSection
	GlobalSection(ProjectConfigurationPlatforms) = postSolution
		{D970FC59-F153-45FB-971D-4314531BE4EC}.Debug|Any CPU.ActiveCfg = Debug|Any CPU
		{D970FC59-F153-45FB-971D-4314531BE4EC}.Debug|Any CPU.Build.0 = Debug|Any CPU
		{D970FC59-F153-45FB-971D-4314531BE4EC}.Release|Any CPU.ActiveCfg = Release|Any CPU
		{D970FC59-F153-45FB-971D-4314531BE4EC}.Release|Any CPU.Build.0 = Release|Any CPU
		{9E169216-38C7-4381-A715-2F5073A278E4}.Debug|Any CPU.ActiveCfg = Debug|Any CPU
		{9E169216-38C7-4381-A715-2F5073A278E4}.Debug|Any CPU.Build.0 = Debug|Any CPU
		{9E169216-38C7-4381-A715-2F5073A278E4}.Release|Any CPU.ActiveCfg = Release|Any CPU
		{9E169216-38C7-4381-A715-2F5073A278E4}.Release|Any CPU.Build.0 = Release|Any CPU
		{A4A62CA6-1226-43A9-8C69-C79473D1DBF2}.Debug|Any CPU.ActiveCfg = Debug|Any CPU
		{A4A62CA6-1226-43A9-8C69-C79473D1DBF2}.Debug|Any CPU.Build.0 = Debug|Any CPU
		{A4A62CA6-1226-43A9-8C69-C79473D1DBF2}.Release|Any CPU.ActiveCfg = Release|Any CPU
		{A4A62CA6-1226-43A9-8C69-C79473D1DBF2}.Release|Any CPU.Build.0 = Release|Any CPU
	EndGlobalSection
	GlobalSection(SolutionProperties) = preSolution
		HideSolutionNode = FALSE
	EndGlobalSection
EndGlobal
